// !$*UTF8*$!
{
	archiveVersion = 1;
	classes = {
	};
	objectVersion = 50;
	objects = {

/* Begin PBXBuildFile section */
		77DAB70B207B7FE3001CD160 /* AppDelegate.m in Sources */ = {isa = PBXBuildFile; fileRef = 77DAB70A207B7FE3001CD160 /* AppDelegate.m */; };
		77DAB70E207B7FE3001CD160 /* ViewController.m in Sources */ = {isa = PBXBuildFile; fileRef = 77DAB70D207B7FE3001CD160 /* ViewController.m */; };
		77DAB711207B7FE3001CD160 /* Main.storyboard in Resources */ = {isa = PBXBuildFile; fileRef = 77DAB70F207B7FE3001CD160 /* Main.storyboard */; };
		77DAB713207B7FE5001CD160 /* Assets.xcassets in Resources */ = {isa = PBXBuildFile; fileRef = 77DAB712207B7FE5001CD160 /* Assets.xcassets */; };
		77DAB716207B7FE5001CD160 /* LaunchScreen.storyboard in Resources */ = {isa = PBXBuildFile; fileRef = 77DAB714207B7FE5001CD160 /* LaunchScreen.storyboard */; };
		77DAB719207B7FE5001CD160 /* main.m in Sources */ = {isa = PBXBuildFile; fileRef = 77DAB718207B7FE5001CD160 /* main.m */; };
		77DAB722207B8042001CD160 /* UICollectionViewFlowLayout+Add.m in Sources */ = {isa = PBXBuildFile; fileRef = 77DAB721207B8042001CD160 /* UICollectionViewFlowLayout+Add.m */; };
/* End PBXBuildFile section */

/* Begin PBXFileReference section */
		77DAB706207B7FE2001CD160 /* test.app */ = {isa = PBXFileReference; explicitFileType = wrapper.application; includeInIndex = 0; path = test.app; sourceTree = BUILT_PRODUCTS_DIR; };
		77DAB709207B7FE2001CD160 /* AppDelegate.h */ = {isa = PBXFileReference; lastKnownFileType = sourcecode.c.h; path = AppDelegate.h; sourceTree = "<group>"; };
		77DAB70A207B7FE3001CD160 /* AppDelegate.m */ = {isa = PBXFileReference; lastKnownFileType = sourcecode.c.objc; path = AppDelegate.m; sourceTree = "<group>"; };
		77DAB70C207B7FE3001CD160 /* ViewController.h */ = {isa = PBXFileReference; lastKnownFileType = sourcecode.c.h; path = ViewController.h; sourceTree = "<group>"; };
		77DAB70D207B7FE3001CD160 /* ViewController.m */ = {isa = PBXFileReference; lastKnownFileType = sourcecode.c.objc; path = ViewController.m; sourceTree = "<group>"; };
		77DAB710207B7FE3001CD160 /* Base */ = {isa = PBXFileReference; lastKnownFileType = file.storyboard; name = Base; path = Base.lproj/Main.storyboard; sourceTree = "<group>"; };
		77DAB712207B7FE5001CD160 /* Assets.xcassets */ = {isa = PBXFileReference; lastKnownFileType = folder.assetcatalog; path = Assets.xcassets; sourceTree = "<group>"; };
		77DAB715207B7FE5001CD160 /* Base */ = {isa = PBXFileReference; lastKnownFileType = file.storyboard; name = Base; path = Base.lproj/LaunchScreen.storyboard; sourceTree = "<group>"; };
		77DAB717207B7FE5001CD160 /* Info.plist */ = {isa = PBXFileReference; lastKnownFileType = text.plist.xml; path = Info.plist; sourceTree = "<group>"; };
		77DAB718207B7FE5001CD160 /* main.m */ = {isa = PBXFileReference; lastKnownFileType = sourcecode.c.objc; path = main.m; sourceTree = "<group>"; };
		77DAB720207B8042001CD160 /* UICollectionViewFlowLayout+Add.h */ = {isa = PBXFileReference; lastKnownFileType = sourcecode.c.h; path = "UICollectionViewFlowLayout+Add.h"; sourceTree = "<group>"; };
		77DAB721207B8042001CD160 /* UICollectionViewFlowLayout+Add.m */ = {isa = PBXFileReference; lastKnownFileType = sourcecode.c.objc; path = "UICollectionViewFlowLayout+Add.m"; sourceTree = "<group>"; };
/* End PBXFileReference section */

/* Begin PBXFrameworksBuildPhase section */
		77DAB703207B7FE2001CD160 /* Frameworks */ = {
			isa = PBXFrameworksBuildPhase;
			buildActionMask = 2147483647;
			files = (
			);
			runOnlyForDeploymentPostprocessing = 0;
		};
/* End PBXFrameworksBuildPhase section */

/* Begin PBXGroup section */
		77DAB6FD207B7FE2001CD160 = {
			isa = PBXGroup;
			children = (
				77DAB708207B7FE2001CD160 /* test */,
				77DAB707207B7FE2001CD160 /* Products */,
			);
			sourceTree = "<group>";
		};
		77DAB707207B7FE2001CD160 /* Products */ = {
			isa = PBXGroup;
			children = (
				77DAB706207B7FE2001CD160 /* test.app */,
			);
			name = Products;
			sourceTree = "<group>";
		};
		77DAB708207B7FE2001CD160 /* test */ = {
			isa = PBXGroup;
			children = (
				77DAB71F207B7FF9001CD160 /* layout */,
				77DAB709207B7FE2001CD160 /* AppDelegate.h */,
				77DAB70A207B7FE3001CD160 /* AppDelegate.m */,
				77DAB70C207B7FE3001CD160 /* ViewController.h */,
				77DAB70D207B7FE3001CD160 /* ViewController.m */,
				77DAB70F207B7FE3001CD160 /* Main.storyboard */,
				77DAB712207B7FE5001CD160 /* Assets.xcassets */,
				77DAB714207B7FE5001CD160 /* LaunchScreen.storyboard */,
				77DAB717207B7FE5001CD160 /* Info.plist */,
				77DAB718207B7FE5001CD160 /* main.m */,
			);
			path = test;
			sourceTree = "<group>";
		};
		77DAB71F207B7FF9001CD160 /* layout */ = {
			isa = PBXGroup;
			children = (
				77DAB720207B8042001CD160 /* UICollectionViewFlowLayout+Add.h */,
				77DAB721207B8042001CD160 /* UICollectionViewFlowLayout+Add.m */,
			);
			path = layout;
			sourceTree = "<group>";
		};
/* End PBXGroup section */

/* Begin PBXNativeTarget section */
		77DAB705207B7FE2001CD160 /* test */ = {
			isa = PBXNativeTarget;
			buildConfigurationList = 77DAB71C207B7FE5001CD160 /* Build configuration list for PBXNativeTarget "test" */;
			buildPhases = (
				77DAB702207B7FE2001CD160 /* Sources */,
				77DAB703207B7FE2001CD160 /* Frameworks */,
				77DAB704207B7FE2001CD160 /* Resources */,
			);
			buildRules = (
			);
			dependencies = (
			);
			name = test;
			productName = test;
			productReference = 77DAB706207B7FE2001CD160 /* test.app */;
			productType = "com.apple.product-type.application";
		};
/* End PBXNativeTarget section */

/* Begin PBXProject section */
		77DAB6FE207B7FE2001CD160 /* Project object */ = {
			isa = PBXProject;
			attributes = {
				LastUpgradeCheck = 0930;
				ORGANIZATIONNAME = RENREN;
				TargetAttributes = {
					77DAB705207B7FE2001CD160 = {
						CreatedOnToolsVersion = 9.3;
					};
				};
			};
			buildConfigurationList = 77DAB701207B7FE2001CD160 /* Build configuration list for PBXProject "test" */;
			compatibilityVersion = "Xcode 9.3";
			developmentRegion = en;
			hasScannedForEncodings = 0;
			knownRegions = (
				en,
				Base,
			);
			mainGroup = 77DAB6FD207B7FE2001CD160;
			productRefGroup = 77DAB707207B7FE2001CD160 /* Products */;
			projectDirPath = "";
			projectRoot = "";
			targets = (
				77DAB705207B7FE2001CD160 /* test */,
			);
		};
/* End PBXProject section */

/* Begin PBXResourcesBuildPhase section */
		77DAB704207B7FE2001CD160 /* Resources */ = {
			isa = PBXResourcesBuildPhase;
			buildActionMask = 2147483647;
			files = (
				77DAB716207B7FE5001CD160 /* LaunchScreen.storyboard in Resources */,
				77DAB713207B7FE5001CD160 /* Assets.xcassets in Resources */,
				77DAB711207B7FE3001CD160 /* Main.storyboard in Resources */,
			);
			runOnlyForDeploymentPostprocessing = 0;
		};
/* End PBXResourcesBuildPhase section */

/* Begin PBXSourcesBuildPhase section */
		77DAB702207B7FE2001CD160 /* Sources */ = {
			isa = PBXSourcesBuildPhase;
			buildActionMask = 2147483647;
			files = (
				77DAB722207B8042001CD160 /* UICollectionViewFlowLayout+Add.m in Sources */,
				77DAB70E207B7FE3001CD160 /* ViewController.m in Sources */,
				77DAB719207B7FE5001CD160 /* main.m in Sources */,
				77DAB70B207B7FE3001CD160 /* AppDelegate.m in Sources */,
			);
			runOnlyForDeploymentPostprocessing = 0;
		};
/* End PBXSourcesBuildPhase section */

/* Begin PBXVariantGroup section */
		77DAB70F207B7FE3001CD160 /* Main.storyboard */ = {
			isa = PBXVariantGroup;
			children = (
				77DAB710207B7FE3001CD160 /* Base */,
			);
			name = Main.storyboard;
			sourceTree = "<group>";
		};
		77DAB714207B7FE5001CD160 /* LaunchScreen.storyboard */ = {
			isa = PBXVariantGroup;
			children = (
				77DAB715207B7FE5001CD160 /* Base */,
			);
			name = LaunchScreen.storyboard;
			sourceTree = "<group>";
		};
/* End PBXVariantGroup section */

/* Begin XCBuildConfiguration section */
		77DAB71A207B7FE5001CD160 /* Debug */ = {
			isa = XCBuildConfiguration;
			buildSettings = {
				ALWAYS_SEARCH_USER_PATHS = NO;
				CLANG_ANALYZER_NONNULL = YES;
				CLANG_ANALYZER_NUMBER_OBJECT_CONVERSION = YES_AGGRESSIVE;
				CLANG_CXX_LANGUAGE_STANDARD = "gnu++14";
				CLANG_CXX_LIBRARY = "libc++";
				CLANG_ENABLE_MODULES = YES;
				CLANG_ENABLE_OBJC_ARC = YES;
				CLANG_ENABLE_OBJC_WEAK = YES;
				CLANG_WARN_BLOCK_CAPTURE_AUTORELEASING = YES;
				CLANG_WARN_BOOL_CONVERSION = YES;
				CLANG_WARN_COMMA = YES;
				CLANG_WARN_CONSTANT_CONVERSION = YES;
				CLANG_WARN_DEPRECATED_OBJC_IMPLEMENTATIONS = YES;
				CLANG_WARN_DIRECT_OBJC_ISA_USAGE = YES_ERROR;
				CLANG_WARN_DOCUMENTATION_COMMENTS = YES;
				CLANG_WARN_EMPTY_BODY = YES;
				CLANG_WARN_ENUM_CONVERSION = YES;
				CLANG_WARN_INFINITE_RECURSION = YES;
				CLANG_WARN_INT_CONVERSION = YES;
				CLANG_WARN_NON_LITERAL_NULL_CONVERSION = YES;
				CLANG_WARN_OBJC_IMPLICIT_RETAIN_SELF = YES;
				CLANG_WARN_OBJC_LITERAL_CONVERSION = YES;
				CLANG_WARN_OBJC_ROOT_CLASS = YES_ERROR;
				CLANG_WARN_RANGE_LOOP_ANALYSIS = YES;
				CLANG_WARN_STRICT_PROTOTYPES = YES;
				CLANG_WARN_SUSPICIOUS_MOVE = YES;
				CLANG_WARN_UNGUARDED_AVAILABILITY = YES_AGGRESSIVE;
				CLANG_WARN_UNREACHABLE_CODE = YES;
				CLANG_WARN__DUPLICATE_METHOD_MATCH = YES;
				CODE_SIGN_IDENTITY = "iPhone Developer";
				COPY_PHASE_STRIP = NO;
				DEBUG_INFORMATION_FORMAT = dwarf;
				ENABLE_STRICT_OBJC_MSGSEND = YES;
				ENABLE_TESTABILITY = YES;
				GCC_C_LANGUAGE_STANDARD = gnu11;
				GCC_DYNAMIC_NO_PIC = NO;
				GCC_NO_COMMON_BLOCKS = YES;
				GCC_OPTIMIZATION_LEVEL = 0;
				GCC_PREPROCESSOR_DEFINITIONS = (
					"DEBUG=1",
					"$(inherited)",
				);
				GCC_WARN_64_TO_32_BIT_CONVERSION = YES;
				GCC_WARN_ABOUT_RETURN_TYPE = YES_ERROR;
				GCC_WARN_UNDECLARED_SELECTOR = YES;
				GCC_WARN_UNINITIALIZED_AUTOS = YES_AGGRESSIVE;
				GCC_WARN_UNUSED_FUNCTION = YES;
				GCC_WARN_UNUSED_VARIABLE = YES;
				IPHONEOS_DEPLOYMENT_TARGET = 11.3;
				MTL_ENABLE_DEBUG_INFO = YES;
				ONLY_ACTIVE_ARCH = YES;
				SDKROOT = iphoneos;
			};
			name = Debug;
		};
		77DAB71B207B7FE5001CD160 /* Release */ = {
			isa = XCBuildConfiguration;
			buildSettings = {
				ALWAYS_SEARCH_USER_PATHS = NO;
				CLANG_ANALYZER_NONNULL = YES;
				CLANG_ANALYZER_NUMBER_OBJECT_CONVERSION = YES_AGGRESSIVE;
				CLANG_CXX_LANGUAGE_STANDARD = "gnu++14";
				CLANG_CXX_LIBRARY = "libc++";
				CLANG_ENABLE_MODULES = YES;
				CLANG_ENABLE_OBJC_ARC = YES;
				CLANG_ENABLE_OBJC_WEAK = YES;
				CLANG_WARN_BLOCK_CAPTURE_AUTORELEASING = YES;
				CLANG_WARN_BOOL_CONVERSION = YES;
				CLANG_WARN_COMMA = YES;
				CLANG_WARN_CONSTANT_CONVERSION = YES;
				CLANG_WARN_DEPRECATED_OBJC_IMPLEMENTATIONS = YES;
				CLANG_WARN_DIRECT_OBJC_ISA_USAGE = YES_ERROR;
				CLANG_WARN_DOCUMENTATION_COMMENTS = YES;
				CLANG_WARN_EMPTY_BODY = YES;
				CLANG_WARN_ENUM_CONVERSION = YES;
				CLANG_WARN_INFINITE_RECURSION = YES;
				CLANG_WARN_INT_CONVERSION = YES;
				CLANG_WARN_NON_LITERAL_NULL_CONVERSION = YES;
				CLANG_WARN_OBJC_IMPLICIT_RETAIN_SELF = YES;
				CLANG_WARN_OBJC_LITERAL_CONVERSION = YES;
				CLANG_WARN_OBJC_ROOT_CLASS = YES_ERROR;
				CLANG_WARN_RANGE_LOOP_ANALYSIS = YES;
				CLANG_WARN_STRICT_PROTOTYPES = YES;
				CLANG_WARN_SUSPICIOUS_MOVE = YES;
				CLANG_WARN_UNGUARDED_AVAILABILITY = YES_AGGRESSIVE;
				CLANG_WARN_UNREACHABLE_CODE = YES;
				CLANG_WARN__DUPLICATE_METHOD_MATCH = YES;
				CODE_SIGN_IDENTITY = "iPhone Developer";
				COPY_PHASE_STRIP = NO;
				DEBUG_INFORMATION_FORMAT = "dwarf-with-dsym";
				ENABLE_NS_ASSERTIONS = NO;
				ENABLE_STRICT_OBJC_MSGSEND = YES;
				GCC_C_LANGUAGE_STANDARD = gnu11;
				GCC_NO_COMMON_BLOCKS = YES;
				GCC_WARN_64_TO_32_BIT_CONVERSION = YES;
				GCC_WARN_ABOUT_RETURN_TYPE = YES_ERROR;
				GCC_WARN_UNDECLARED_SELECTOR = YES;
				GCC_WARN_UNINITIALIZED_AUTOS = YES_AGGRESSIVE;
				GCC_WARN_UNUSED_FUNCTION = YES;
				GCC_WARN_UNUSED_VARIABLE = YES;
				IPHONEOS_DEPLOYMENT_TARGET = 11.3;
				MTL_ENABLE_DEBUG_INFO = NO;
				SDKROOT = iphoneos;
				VALIDATE_PRODUCT = YES;
			};
			name = Release;
		};
		77DAB71D207B7FE5001CD160 /* Debug */ = {
			isa = XCBuildConfiguration;
			buildSettings = {
				ASSETCATALOG_COMPILER_APPICON_NAME = AppIcon;
				CODE_SIGN_STYLE = Automatic;
				DEVELOPMENT_TEAM = GH459F499M;
				INFOPLIST_FILE = test/Info.plist;
				IPHONEOS_DEPLOYMENT_TARGET = 8.0;
				LD_RUNPATH_SEARCH_PATHS = (
					"$(inherited)",
					"@executable_path/Frameworks",
				);
				PRODUCT_BUNDLE_IDENTIFIER = com.renren.testlayout;
				PRODUCT_NAME = "$(TARGET_NAME)";
				TARGETED_DEVICE_FAMILY = "1,2";
			};
			name = Debug;
		};
		77DAB71E207B7FE5001CD160 /* Release */ = {
			isa = XCBuildConfiguration;
			buildSettings = {
				ASSETCATALOG_COMPILER_APPICON_NAME = AppIcon;
				CODE_SIGN_STYLE = Automatic;
				DEVELOPMENT_TEAM = GH459F499M;
				INFOPLIST_FILE = test/Info.plist;
				IPHONEOS_DEPLOYMENT_TARGET = 8.0;
				LD_RUNPATH_SEARCH_PATHS = (
					"$(inherited)",
					"@executable_path/Frameworks",
				);
				PRODUCT_BUNDLE_IDENTIFIER = com.renren.testlayout;
				PRODUCT_NAME = "$(TARGET_NAME)";
				TARGETED_DEVICE_FAMILY = "1,2";
			};
			name = Release;
		};
/* End XCBuildConfiguration section */

/* Begin XCConfigurationList section */
		77DAB701207B7FE2001CD160 /* Build configuration list for PBXProject "test" */ = {
			isa = XCConfigurationList;
			buildConfigurations = (
				77DAB71A207B7FE5001CD160 /* Debug */,
				77DAB71B207B7FE5001CD160 /* Release */,
			);
			defaultConfigurationIsVisible = 0;
			defaultConfigurationName = Release;
		};
		77DAB71C207B7FE5001CD160 /* Build configuration list for PBXNativeTarget "test" */ = {
			isa = XCConfigurationList;
			buildConfigurations = (
				77DAB71D207B7FE5001CD160 /* Debug */,
				77DAB71E207B7FE5001CD160 /* Release */,
			);
			defaultConfigurationIsVisible = 0;
			defaultConfigurationName = Release;
		};
/* End XCConfigurationList section */
	};
	rootObject = 77DAB6FE207B7FE2001CD160 /* Project object */;
}
